
Microsoft Visual Studio Solution File, Format Version 12.00
# Visual Studio Version 16
VisualStudioVersion = 16.0.29920.165
MinimumVisualStudioVersion = 10.0.40219.1
Project("{FAE04EC0-301F-11D3-BF4B-00C04F79EFBC}") = "Telephone Directory", "Telephone Directory\Telephone Directory.csproj", "{25A70A15-D1DA-4940-A9A3-5FB9CB06CC28}"
EndProject
Global
	GlobalSection(SolutionConfigurationPlatforms) = preSolution
		Debug|Any CPU = Debug|Any CPU
		Release|Any CPU = Release|Any CPU
	EndGlobalSection
	GlobalSection(ProjectConfigurationPlatforms) = postSolution
		{25A70A15-D1DA-4940-A9A3-5FB9CB06CC28}.Debug|Any CPU.ActiveCfg = Debug|Any CPU
		{25A70A15-D1DA-4940-A9A3-5FB9CB06CC28}.Debug|Any CPU.Build.0 = Debug|Any CPU
		{25A70A15-D1DA-4940-A9A3-5FB9CB06CC28}.Release|Any CPU.ActiveCfg = Release|Any CPU
		{25A70A15-D1DA-4940-A9A3-5FB9CB06CC28}.Release|Any CPU.Build.0 = Release|Any CPU
	EndGlobalSection
	GlobalSection(SolutionProperties) = preSolution
		HideSolutionNode = FALSE
	EndGlobalSection
	GlobalSection(ExtensibilityGlobals) = postSolution
		SolutionGuid = {65F3950A-D0DB-4974-86E5-251120199B33}
	EndGlobalSection
EndGlobal
